
Microsoft Visual Studio Solution File, Format Version 12.00
# Visual Studio Version 17
VisualStudioVersion = 17.14.36518.9
MinimumVisualStudioVersion = 10.0.40219.1
Project("{FAE04EC0-301F-11D3-BF4B-00C04F79EFBC}") = "api", "api\api.csproj", "{335BA160-00D9-4961-86A4-E7474CA127D3}"
EndProject
Project("{FAE04EC0-301F-11D3-BF4B-00C04F79EFBC}") = "getCprTests", "getCprTests\getCprTests.csproj", "{B999A0E1-3EDD-4E2A-8891-2EE26C03FA1A}"
EndProject
Project("{FAE04EC0-301F-11D3-BF4B-00C04F79EFBC}") = "getAddressTest", "getAddressTest\getAddressTest.csproj", "{47D9AE29-52ED-4609-8C51-0CF40EA93BF2}"
EndProject
Project("{FAE04EC0-301F-11D3-BF4B-00C04F79EFBC}") = "getNameAndGenderTests", "getNameAndGenderTests\getNameAndGenderTests.csproj", "{2A4F5EC3-E5FB-46AB-B934-F3D5A346C38F}"
EndProject
Project("{FAE04EC0-301F-11D3-BF4B-00C04F79EFBC}") = "getNameAndGenderAndDoBTests", "getNameAndGenderAndDoBTests\getNameAndGenderAndDoBTests.csproj", "{09626E7D-C242-45F9-B3F1-97B7FFBAB2FD}"
EndProject
Project("{FAE04EC0-301F-11D3-BF4B-00C04F79EFBC}") = "getCprAndNameAndGenderAndDoBTests", "getCprAndNameAndGenderAndDoBTests\getCprAndNameAndGenderAndDoBTests.csproj", "{D67D87A7-F641-47D9-A8FB-E6A176205B0E}"
EndProject
Project("{FAE04EC0-301F-11D3-BF4B-00C04F79EFBC}") = "getCprAndNameAndGender", "getCprAndNameAndGender\getCprAndNameAndGender.csproj", "{097FC9F8-0A57-4322-9B38-22F6D3D2C98F}"
EndProject
Project("{FAE04EC0-301F-11D3-BF4B-00C04F79EFBC}") = "getPhoneTests", "getPhoneTests\getPhoneTests.csproj", "{4808FEF5-BC91-4FFF-8CC1-0C1F645405FF}"
EndProject
Project("{2150E333-8FDC-42A3-9474-1A3956D46DE8}") = "getPersonTest", "getPersonTest", "{0CC37998-38DE-4B8A-54C5-4D7745E3FE95}"
EndProject
Project("{FAE04EC0-301F-11D3-BF4B-00C04F79EFBC}") = "getPersonTests", "getPersonTest\getPersonTests.csproj", "{01720605-D663-435F-BDD0-9461080BE924}"
EndProject
Global
	GlobalSection(SolutionConfigurationPlatforms) = preSolution
		Debug|Any CPU = Debug|Any CPU
		Debug|x64 = Debug|x64
		Debug|x86 = Debug|x86
		Release|Any CPU = Release|Any CPU
		Release|x64 = Release|x64
		Release|x86 = Release|x86
	EndGlobalSection
	GlobalSection(ProjectConfigurationPlatforms) = postSolution
		{335BA160-00D9-4961-86A4-E7474CA127D3}.Debug|Any CPU.ActiveCfg = Debug|Any CPU
		{335BA160-00D9-4961-86A4-E7474CA127D3}.Debug|Any CPU.Build.0 = Debug|Any CPU
		{335BA160-00D9-4961-86A4-E7474CA127D3}.Debug|x64.ActiveCfg = Debug|Any CPU
		{335BA160-00D9-4961-86A4-E7474CA127D3}.Debug|x64.Build.0 = Debug|Any CPU
		{335BA160-00D9-4961-86A4-E7474CA127D3}.Debug|x86.ActiveCfg = Debug|Any CPU
		{335BA160-00D9-4961-86A4-E7474CA127D3}.Debug|x86.Build.0 = Debug|Any CPU
		{335BA160-00D9-4961-86A4-E7474CA127D3}.Release|Any CPU.ActiveCfg = Release|Any CPU
		{335BA160-00D9-4961-86A4-E7474CA127D3}.Release|Any CPU.Build.0 = Release|Any CPU
		{335BA160-00D9-4961-86A4-E7474CA127D3}.Release|x64.ActiveCfg = Release|Any CPU
		{335BA160-00D9-4961-86A4-E7474CA127D3}.Release|x64.Build.0 = Release|Any CPU
		{335BA160-00D9-4961-86A4-E7474CA127D3}.Release|x86.ActiveCfg = Release|Any CPU
		{335BA160-00D9-4961-86A4-E7474CA127D3}.Release|x86.Build.0 = Release|Any CPU
		{B999A0E1-3EDD-4E2A-8891-2EE26C03FA1A}.Debug|Any CPU.ActiveCfg = Debug|Any CPU
		{B999A0E1-3EDD-4E2A-8891-2EE26C03FA1A}.Debug|Any CPU.Build.0 = Debug|Any CPU
		{B999A0E1-3EDD-4E2A-8891-2EE26C03FA1A}.Debug|x64.ActiveCfg = Debug|Any CPU
		{B999A0E1-3EDD-4E2A-8891-2EE26C03FA1A}.Debug|x64.Build.0 = Debug|Any CPU
		{B999A0E1-3EDD-4E2A-8891-2EE26C03FA1A}.Debug|x86.ActiveCfg = Debug|Any CPU
		{B999A0E1-3EDD-4E2A-8891-2EE26C03FA1A}.Debug|x86.Build.0 = Debug|Any CPU
		{B999A0E1-3EDD-4E2A-8891-2EE26C03FA1A}.Release|Any CPU.ActiveCfg = Release|Any CPU
		{B999A0E1-3EDD-4E2A-8891-2EE26C03FA1A}.Release|Any CPU.Build.0 = Release|Any CPU
		{B999A0E1-3EDD-4E2A-8891-2EE26C03FA1A}.Release|x64.ActiveCfg = Release|Any CPU
		{B999A0E1-3EDD-4E2A-8891-2EE26C03FA1A}.Release|x64.Build.0 = Release|Any CPU
		{B999A0E1-3EDD-4E2A-8891-2EE26C03FA1A}.Release|x86.ActiveCfg = Release|Any CPU
		{B999A0E1-3EDD-4E2A-8891-2EE26C03FA1A}.Release|x86.Build.0 = Release|Any CPU
		{47D9AE29-52ED-4609-8C51-0CF40EA93BF2}.Debug|Any CPU.ActiveCfg = Debug|Any CPU
		{47D9AE29-52ED-4609-8C51-0CF40EA93BF2}.Debug|Any CPU.Build.0 = Debug|Any CPU
		{47D9AE29-52ED-4609-8C51-0CF40EA93BF2}.Debug|x64.ActiveCfg = Debug|Any CPU
		{47D9AE29-52ED-4609-8C51-0CF40EA93BF2}.Debug|x64.Build.0 = Debug|Any CPU
		{47D9AE29-52ED-4609-8C51-0CF40EA93BF2}.Debug|x86.ActiveCfg = Debug|Any CPU
		{47D9AE29-52ED-4609-8C51-0CF40EA93BF2}.Debug|x86.Build.0 = Debug|Any CPU
		{47D9AE29-52ED-4609-8C51-0CF40EA93BF2}.Release|Any CPU.ActiveCfg = Release|Any CPU
		{47D9AE29-52ED-4609-8C51-0CF40EA93BF2}.Release|Any CPU.Build.0 = Release|Any CPU
		{47D9AE29-52ED-4609-8C51-0CF40EA93BF2}.Release|x64.ActiveCfg = Release|Any CPU
		{47D9AE29-52ED-4609-8C51-0CF40EA93BF2}.Release|x64.Build.0 = Release|Any CPU
		{47D9AE29-52ED-4609-8C51-0CF40EA93BF2}.Release|x86.ActiveCfg = Release|Any CPU
		{47D9AE29-52ED-4609-8C51-0CF40EA93BF2}.Release|x86.Build.0 = Release|Any CPU
		{2A4F5EC3-E5FB-46AB-B934-F3D5A346C38F}.Debug|Any CPU.ActiveCfg = Debug|Any CPU
		{2A4F5EC3-E5FB-46AB-B934-F3D5A346C38F}.Debug|Any CPU.Build.0 = Debug|Any CPU
		{2A4F5EC3-E5FB-46AB-B934-F3D5A346C38F}.Debug|x64.ActiveCfg = Debug|Any CPU
		{2A4F5EC3-E5FB-46AB-B934-F3D5A346C38F}.Debug|x64.Build.0 = Debug|Any CPU
		{2A4F5EC3-E5FB-46AB-B934-F3D5A346C38F}.Debug|x86.ActiveCfg = Debug|Any CPU
		{2A4F5EC3-E5FB-46AB-B934-F3D5A346C38F}.Debug|x86.Build.0 = Debug|Any CPU
		{2A4F5EC3-E5FB-46AB-B934-F3D5A346C38F}.Release|Any CPU.ActiveCfg = Release|Any CPU
		{2A4F5EC3-E5FB-46AB-B934-F3D5A346C38F}.Release|Any CPU.Build.0 = Release|Any CPU
		{2A4F5EC3-E5FB-46AB-B934-F3D5A346C38F}.Release|x64.ActiveCfg = Release|Any CPU
		{2A4F5EC3-E5FB-46AB-B934-F3D5A346C38F}.Release|x64.Build.0 = Release|Any CPU
		{2A4F5EC3-E5FB-46AB-B934-F3D5A346C38F}.Release|x86.ActiveCfg = Release|Any CPU
		{2A4F5EC3-E5FB-46AB-B934-F3D5A346C38F}.Release|x86.Build.0 = Release|Any CPU
		{09626E7D-C242-45F9-B3F1-97B7FFBAB2FD}.Debug|Any CPU.ActiveCfg = Debug|Any CPU
		{09626E7D-C242-45F9-B3F1-97B7FFBAB2FD}.Debug|Any CPU.Build.0 = Debug|Any CPU
		{09626E7D-C242-45F9-B3F1-97B7FFBAB2FD}.Debug|x64.ActiveCfg = Debug|Any CPU
		{09626E7D-C242-45F9-B3F1-97B7FFBAB2FD}.Debug|x64.Build.0 = Debug|Any CPU
		{09626E7D-C242-45F9-B3F1-97B7FFBAB2FD}.Debug|x86.ActiveCfg = Debug|Any CPU
		{09626E7D-C242-45F9-B3F1-97B7FFBAB2FD}.Debug|x86.Build.0 = Debug|Any CPU
		{09626E7D-C242-45F9-B3F1-97B7FFBAB2FD}.Release|Any CPU.ActiveCfg = Release|Any CPU
		{09626E7D-C242-45F9-B3F1-97B7FFBAB2FD}.Release|Any CPU.Build.0 = Release|Any CPU
		{09626E7D-C242-45F9-B3F1-97B7FFBAB2FD}.Release|x64.ActiveCfg = Release|Any CPU
		{09626E7D-C242-45F9-B3F1-97B7FFBAB2FD}.Release|x64.Build.0 = Release|Any CPU
		{09626E7D-C242-45F9-B3F1-97B7FFBAB2FD}.Release|x86.ActiveCfg = Release|Any CPU
		{09626E7D-C242-45F9-B3F1-97B7FFBAB2FD}.Release|x86.Build.0 = Release|Any CPU
		{D67D87A7-F641-47D9-A8FB-E6A176205B0E}.Debug|Any CPU.ActiveCfg = Debug|Any CPU
		{D67D87A7-F641-47D9-A8FB-E6A176205B0E}.Debug|Any CPU.Build.0 = Debug|Any CPU
		{D67D87A7-F641-47D9-A8FB-E6A176205B0E}.Debug|x64.ActiveCfg = Debug|Any CPU
		{D67D87A7-F641-47D9-A8FB-E6A176205B0E}.Debug|x64.Build.0 = Debug|Any CPU
		{D67D87A7-F641-47D9-A8FB-E6A176205B0E}.Debug|x86.ActiveCfg = Debug|Any CPU
		{D67D87A7-F641-47D9-A8FB-E6A176205B0E}.Debug|x86.Build.0 = Debug|Any CPU
		{D67D87A7-F641-47D9-A8FB-E6A176205B0E}.Release|Any CPU.ActiveCfg = Release|Any CPU
		{D67D87A7-F641-47D9-A8FB-E6A176205B0E}.Release|Any CPU.Build.0 = Release|Any CPU
		{D67D87A7-F641-47D9-A8FB-E6A176205B0E}.Release|x64.ActiveCfg = Release|Any CPU
		{D67D87A7-F641-47D9-A8FB-E6A176205B0E}.Release|x64.Build.0 = Release|Any CPU
		{D67D87A7-F641-47D9-A8FB-E6A176205B0E}.Release|x86.ActiveCfg = Release|Any CPU
		{D67D87A7-F641-47D9-A8FB-E6A176205B0E}.Release|x86.Build.0 = Release|Any CPU
		{097FC9F8-0A57-4322-9B38-22F6D3D2C98F}.Debug|Any CPU.ActiveCfg = Debug|Any CPU
		{097FC9F8-0A57-4322-9B38-22F6D3D2C98F}.Debug|Any CPU.Build.0 = Debug|Any CPU
		{097FC9F8-0A57-4322-9B38-22F6D3D2C98F}.Debug|x64.ActiveCfg = Debug|Any CPU
		{097FC9F8-0A57-4322-9B38-22F6D3D2C98F}.Debug|x64.Build.0 = Debug|Any CPU
		{097FC9F8-0A57-4322-9B38-22F6D3D2C98F}.Debug|x86.ActiveCfg = Debug|Any CPU
		{097FC9F8-0A57-4322-9B38-22F6D3D2C98F}.Debug|x86.Build.0 = Debug|Any CPU
		{097FC9F8-0A57-4322-9B38-22F6D3D2C98F}.Release|Any CPU.ActiveCfg = Release|Any CPU
		{097FC9F8-0A57-4322-9B38-22F6D3D2C98F}.Release|Any CPU.Build.0 = Release|Any CPU
		{097FC9F8-0A57-4322-9B38-22F6D3D2C98F}.Release|x64.ActiveCfg = Release|Any CPU
		{097FC9F8-0A57-4322-9B38-22F6D3D2C98F}.Release|x64.Build.0 = Release|Any CPU
		{097FC9F8-0A57-4322-9B38-22F6D3D2C98F}.Release|x86.ActiveCfg = Release|Any CPU
		{097FC9F8-0A57-4322-9B38-22F6D3D2C98F}.Release|x86.Build.0 = Release|Any CPU
		{4808FEF5-BC91-4FFF-8CC1-0C1F645405FF}.Debug|Any CPU.ActiveCfg = Debug|Any CPU
		{4808FEF5-BC91-4FFF-8CC1-0C1F645405FF}.Debug|Any CPU.Build.0 = Debug|Any CPU
		{4808FEF5-BC91-4FFF-8CC1-0C1F645405FF}.Debug|x64.ActiveCfg = Debug|Any CPU
		{4808FEF5-BC91-4FFF-8CC1-0C1F645405FF}.Debug|x64.Build.0 = Debug|Any CPU
		{4808FEF5-BC91-4FFF-8CC1-0C1F645405FF}.Debug|x86.ActiveCfg = Debug|Any CPU
		{4808FEF5-BC91-4FFF-8CC1-0C1F645405FF}.Debug|x86.Build.0 = Debug|Any CPU
		{4808FEF5-BC91-4FFF-8CC1-0C1F645405FF}.Release|Any CPU.ActiveCfg = Release|Any CPU
		{4808FEF5-BC91-4FFF-8CC1-0C1F645405FF}.Release|Any CPU.Build.0 = Release|Any CPU
		{4808FEF5-BC91-4FFF-8CC1-0C1F645405FF}.Release|x64.ActiveCfg = Release|Any CPU
		{4808FEF5-BC91-4FFF-8CC1-0C1F645405FF}.Release|x64.Build.0 = Release|Any CPU
		{4808FEF5-BC91-4FFF-8CC1-0C1F645405FF}.Release|x86.ActiveCfg = Release|Any CPU
		{4808FEF5-BC91-4FFF-8CC1-0C1F645405FF}.Release|x86.Build.0 = Release|Any CPU
		{01720605-D663-435F-BDD0-9461080BE924}.Debug|Any CPU.ActiveCfg = Debug|Any CPU
		{01720605-D663-435F-BDD0-9461080BE924}.Debug|Any CPU.Build.0 = Debug|Any CPU
		{01720605-D663-435F-BDD0-9461080BE924}.Debug|x64.ActiveCfg = Debug|Any CPU
		{01720605-D663-435F-BDD0-9461080BE924}.Debug|x64.Build.0 = Debug|Any CPU
		{01720605-D663-435F-BDD0-9461080BE924}.Debug|x86.ActiveCfg = Debug|Any CPU
		{01720605-D663-435F-BDD0-9461080BE924}.Debug|x86.Build.0 = Debug|Any CPU
		{01720605-D663-435F-BDD0-9461080BE924}.Release|Any CPU.ActiveCfg = Release|Any CPU
		{01720605-D663-435F-BDD0-9461080BE924}.Release|Any CPU.Build.0 = Release|Any CPU
		{01720605-D663-435F-BDD0-9461080BE924}.Release|x64.ActiveCfg = Release|Any CPU
		{01720605-D663-435F-BDD0-9461080BE924}.Release|x64.Build.0 = Release|Any CPU
		{01720605-D663-435F-BDD0-9461080BE924}.Release|x86.ActiveCfg = Release|Any CPU
		{01720605-D663-435F-BDD0-9461080BE924}.Release|x86.Build.0 = Release|Any CPU
	EndGlobalSection
	GlobalSection(SolutionProperties) = preSolution
		HideSolutionNode = FALSE
	EndGlobalSection
	GlobalSection(NestedProjects) = preSolution
		{01720605-D663-435F-BDD0-9461080BE924} = {0CC37998-38DE-4B8A-54C5-4D7745E3FE95}
	EndGlobalSection
EndGlobal
