
Microsoft Visual Studio Solution File, Format Version 12.00
Project("{FAE04EC0-301F-11D3-BF4B-00C04F79EFBC}") = "api", "api\api.csproj", "{335BA160-00D9-4961-86A4-E7474CA127D3}"
EndProject
Project("{FAE04EC0-301F-11D3-BF4B-00C04F79EFBC}") = "tests", "tests\tests.csproj", "{398E2671-3369-4F2E-93DF-BFD57F933E14}"
EndProject
Global
	GlobalSection(SolutionConfigurationPlatforms) = preSolution
		Debug|Any CPU = Debug|Any CPU
		Release|Any CPU = Release|Any CPU
	EndGlobalSection
	GlobalSection(ProjectConfigurationPlatforms) = postSolution
		{335BA160-00D9-4961-86A4-E7474CA127D3}.Debug|Any CPU.ActiveCfg = Debug|Any CPU
		{335BA160-00D9-4961-86A4-E7474CA127D3}.Debug|Any CPU.Build.0 = Debug|Any CPU
		{335BA160-00D9-4961-86A4-E7474CA127D3}.Release|Any CPU.ActiveCfg = Release|Any CPU
		{335BA160-00D9-4961-86A4-E7474CA127D3}.Release|Any CPU.Build.0 = Release|Any CPU
		{398E2671-3369-4F2E-93DF-BFD57F933E14}.Debug|Any CPU.ActiveCfg = Debug|Any CPU
		{398E2671-3369-4F2E-93DF-BFD57F933E14}.Debug|Any CPU.Build.0 = Debug|Any CPU
		{398E2671-3369-4F2E-93DF-BFD57F933E14}.Release|Any CPU.ActiveCfg = Release|Any CPU
		{398E2671-3369-4F2E-93DF-BFD57F933E14}.Release|Any CPU.Build.0 = Release|Any CPU
	EndGlobalSection
EndGlobal
