
Microsoft Visual Studio Solution File, Format Version 12.00
# Visual Studio Version 17
VisualStudioVersion = 17.14.36518.9 d17.14
MinimumVisualStudioVersion = 10.0.40219.1
Project("{FAE04EC0-301F-11D3-BF4B-00C04F79EFBC}") = "api", "api\api.csproj", "{335BA160-00D9-4961-86A4-E7474CA127D3}"
EndProject
Project("{FAE04EC0-301F-11D3-BF4B-00C04F79EFBC}") = "getCprTests", "getCprTests\getCprTests.csproj", "{B999A0E1-3EDD-4E2A-8891-2EE26C03FA1A}"
EndProject
Project("{FAE04EC0-301F-11D3-BF4B-00C04F79EFBC}") = "getAddressTest", "getAddressTest\getAddressTest.csproj", "{47D9AE29-52ED-4609-8C51-0CF40EA93BF2}"
EndProject
Global
	GlobalSection(SolutionConfigurationPlatforms) = preSolution
		Debug|Any CPU = Debug|Any CPU
		Release|Any CPU = Release|Any CPU
	EndGlobalSection
	GlobalSection(ProjectConfigurationPlatforms) = postSolution
		{335BA160-00D9-4961-86A4-E7474CA127D3}.Debug|Any CPU.ActiveCfg = Debug|Any CPU
		{335BA160-00D9-4961-86A4-E7474CA127D3}.Debug|Any CPU.Build.0 = Debug|Any CPU
		{335BA160-00D9-4961-86A4-E7474CA127D3}.Release|Any CPU.ActiveCfg = Release|Any CPU
		{335BA160-00D9-4961-86A4-E7474CA127D3}.Release|Any CPU.Build.0 = Release|Any CPU
		{B999A0E1-3EDD-4E2A-8891-2EE26C03FA1A}.Debug|Any CPU.ActiveCfg = Debug|Any CPU
		{B999A0E1-3EDD-4E2A-8891-2EE26C03FA1A}.Debug|Any CPU.Build.0 = Debug|Any CPU
		{B999A0E1-3EDD-4E2A-8891-2EE26C03FA1A}.Release|Any CPU.ActiveCfg = Release|Any CPU
		{B999A0E1-3EDD-4E2A-8891-2EE26C03FA1A}.Release|Any CPU.Build.0 = Release|Any CPU
		{47D9AE29-52ED-4609-8C51-0CF40EA93BF2}.Debug|Any CPU.ActiveCfg = Debug|Any CPU
		{47D9AE29-52ED-4609-8C51-0CF40EA93BF2}.Debug|Any CPU.Build.0 = Debug|Any CPU
		{47D9AE29-52ED-4609-8C51-0CF40EA93BF2}.Release|Any CPU.ActiveCfg = Release|Any CPU
		{47D9AE29-52ED-4609-8C51-0CF40EA93BF2}.Release|Any CPU.Build.0 = Release|Any CPU
	EndGlobalSection
	GlobalSection(SolutionProperties) = preSolution
		HideSolutionNode = FALSE
	EndGlobalSection
EndGlobal
